
Microsoft Visual Studio Solution File, Format Version 12.00
# Visual Studio Version 16
VisualStudioVersion = 16.0.30128.36
MinimumVisualStudioVersion = 10.0.40219.1
Project("{FAE04EC0-301F-11D3-BF4B-00C04F79EFBC}") = "TrackOnMouse.ControlPanel", "TrackOnMouse.ControlPanel\TrackOnMouse.ControlPanel.csproj", "{388AA599-93DE-42B4-8FB1-02BCC3986E25}"
EndProject
Project("{FAE04EC0-301F-11D3-BF4B-00C04F79EFBC}") = "TrackOnMouse.Highlighter", "TrackOnMouse.Highlighter\TrackOnMouse.Highlighter.csproj", "{130F69E7-0CDB-4257-81F1-B476C033F097}"
EndProject
Project("{FAE04EC0-301F-11D3-BF4B-00C04F79EFBC}") = "TrackOnMouse.Utility", "TrackOnMouse.Utility\TrackOnMouse.Utility.csproj", "{FAAD3995-1BF2-4ED5-B0FD-D87AE9E217FF}"
EndProject
Global
	GlobalSection(SolutionConfigurationPlatforms) = preSolution
		Debug|Any CPU = Debug|Any CPU
		Debug|x64 = Debug|x64
		Debug|x86 = Debug|x86
		Release|Any CPU = Release|Any CPU
		Release|x64 = Release|x64
		Release|x86 = Release|x86
	EndGlobalSection
	GlobalSection(ProjectConfigurationPlatforms) = postSolution
		{388AA599-93DE-42B4-8FB1-02BCC3986E25}.Debug|Any CPU.ActiveCfg = Debug|Any CPU
		{388AA599-93DE-42B4-8FB1-02BCC3986E25}.Debug|Any CPU.Build.0 = Debug|Any CPU
		{388AA599-93DE-42B4-8FB1-02BCC3986E25}.Debug|x64.ActiveCfg = Debug|x64
		{388AA599-93DE-42B4-8FB1-02BCC3986E25}.Debug|x64.Build.0 = Debug|x64
		{388AA599-93DE-42B4-8FB1-02BCC3986E25}.Debug|x86.ActiveCfg = Debug|x86
		{388AA599-93DE-42B4-8FB1-02BCC3986E25}.Debug|x86.Build.0 = Debug|x86
		{388AA599-93DE-42B4-8FB1-02BCC3986E25}.Release|Any CPU.ActiveCfg = Release|Any CPU
		{388AA599-93DE-42B4-8FB1-02BCC3986E25}.Release|Any CPU.Build.0 = Release|Any CPU
		{388AA599-93DE-42B4-8FB1-02BCC3986E25}.Release|x64.ActiveCfg = Release|x64
		{388AA599-93DE-42B4-8FB1-02BCC3986E25}.Release|x64.Build.0 = Release|x64
		{388AA599-93DE-42B4-8FB1-02BCC3986E25}.Release|x86.ActiveCfg = Release|x86
		{388AA599-93DE-42B4-8FB1-02BCC3986E25}.Release|x86.Build.0 = Release|x86
		{130F69E7-0CDB-4257-81F1-B476C033F097}.Debug|Any CPU.ActiveCfg = Debug|Any CPU
		{130F69E7-0CDB-4257-81F1-B476C033F097}.Debug|Any CPU.Build.0 = Debug|Any CPU
		{130F69E7-0CDB-4257-81F1-B476C033F097}.Debug|x64.ActiveCfg = Debug|x64
		{130F69E7-0CDB-4257-81F1-B476C033F097}.Debug|x64.Build.0 = Debug|x64
		{130F69E7-0CDB-4257-81F1-B476C033F097}.Debug|x86.ActiveCfg = Debug|x86
		{130F69E7-0CDB-4257-81F1-B476C033F097}.Debug|x86.Build.0 = Debug|x86
		{130F69E7-0CDB-4257-81F1-B476C033F097}.Release|Any CPU.ActiveCfg = Release|Any CPU
		{130F69E7-0CDB-4257-81F1-B476C033F097}.Release|Any CPU.Build.0 = Release|Any CPU
		{130F69E7-0CDB-4257-81F1-B476C033F097}.Release|x64.ActiveCfg = Release|x64
		{130F69E7-0CDB-4257-81F1-B476C033F097}.Release|x64.Build.0 = Release|x64
		{130F69E7-0CDB-4257-81F1-B476C033F097}.Release|x86.ActiveCfg = Release|x86
		{130F69E7-0CDB-4257-81F1-B476C033F097}.Release|x86.Build.0 = Release|x86
		{FAAD3995-1BF2-4ED5-B0FD-D87AE9E217FF}.Debug|Any CPU.ActiveCfg = Debug|Any CPU
		{FAAD3995-1BF2-4ED5-B0FD-D87AE9E217FF}.Debug|Any CPU.Build.0 = Debug|Any CPU
		{FAAD3995-1BF2-4ED5-B0FD-D87AE9E217FF}.Debug|x64.ActiveCfg = Debug|x64
		{FAAD3995-1BF2-4ED5-B0FD-D87AE9E217FF}.Debug|x64.Build.0 = Debug|x64
		{FAAD3995-1BF2-4ED5-B0FD-D87AE9E217FF}.Debug|x86.ActiveCfg = Debug|x86
		{FAAD3995-1BF2-4ED5-B0FD-D87AE9E217FF}.Debug|x86.Build.0 = Debug|x86
		{FAAD3995-1BF2-4ED5-B0FD-D87AE9E217FF}.Release|Any CPU.ActiveCfg = Release|Any CPU
		{FAAD3995-1BF2-4ED5-B0FD-D87AE9E217FF}.Release|Any CPU.Build.0 = Release|Any CPU
		{FAAD3995-1BF2-4ED5-B0FD-D87AE9E217FF}.Release|x64.ActiveCfg = Release|x64
		{FAAD3995-1BF2-4ED5-B0FD-D87AE9E217FF}.Release|x64.Build.0 = Release|x64
		{FAAD3995-1BF2-4ED5-B0FD-D87AE9E217FF}.Release|x86.ActiveCfg = Release|x86
		{FAAD3995-1BF2-4ED5-B0FD-D87AE9E217FF}.Release|x86.Build.0 = Release|x86
	EndGlobalSection
	GlobalSection(SolutionProperties) = preSolution
		HideSolutionNode = FALSE
	EndGlobalSection
	GlobalSection(ExtensibilityGlobals) = postSolution
		SolutionGuid = {4CDCAC32-1E12-4E71-94D6-D6B9F3BE7996}
	EndGlobalSection
EndGlobal
